
Microsoft Visual Studio Solution File, Format Version 12.00
# Visual Studio Version 17
VisualStudioVersion = 17.0.31612.314
MinimumVisualStudioVersion = 10.0.40219.1
Project("{FAE04EC0-301F-11D3-BF4B-00C04F79EFBC}") = "ClassenUppgift", "ClassenUppgift\ClassenUppgift.csproj", "{085A6865-A01E-4C09-B89E-F3A726F78404}"
EndProject
Global
	GlobalSection(SolutionConfigurationPlatforms) = preSolution
		Debug|Any CPU = Debug|Any CPU
		Release|Any CPU = Release|Any CPU
	EndGlobalSection
	GlobalSection(ProjectConfigurationPlatforms) = postSolution
		{085A6865-A01E-4C09-B89E-F3A726F78404}.Debug|Any CPU.ActiveCfg = Debug|Any CPU
		{085A6865-A01E-4C09-B89E-F3A726F78404}.Debug|Any CPU.Build.0 = Debug|Any CPU
		{085A6865-A01E-4C09-B89E-F3A726F78404}.Release|Any CPU.ActiveCfg = Release|Any CPU
		{085A6865-A01E-4C09-B89E-F3A726F78404}.Release|Any CPU.Build.0 = Release|Any CPU
	EndGlobalSection
	GlobalSection(SolutionProperties) = preSolution
		HideSolutionNode = FALSE
	EndGlobalSection
	GlobalSection(ExtensibilityGlobals) = postSolution
		SolutionGuid = {20A45255-C886-4EC5-833D-89248509E4D6}
	EndGlobalSection
EndGlobal
